{
  "name": "@webscli/i",
  "version": "1.0.0",
  "lockfileVersion": 3,
  "requires": true,
  "packages": {
    "": {
      "name": "@webscli/i",
      "version": "1.0.0",
      "license": "ISC",
      "dependencies": {
        "@webscli/com": "^1.0.0",
        "@webscli/u": "^1.0.0"
      }
    },
    "node_modules/@webscli/com": {
      "version": "1.0.0",
      "resolved": "https://registry.npmjs.org/@webscli/com/-/com-1.0.0.tgz",
      "integrity": "sha512-KiT+wHBA56N+ZqGikUeaDgxFfzXQXc4WyQnDKbkM4Doa6MvJo3yVJ6cHGs3h+/221C2DRvWh5CJbdznbNVMU/Q=="
    },
    "node_modules/@webscli/u": {
      "version": "1.0.0",
      "resolved": "https://registry.npmjs.org/@webscli/u/-/u-1.0.0.tgz",
      "integrity": "sha512-QXjakuh9x5vuUx5gW2eKYWmnylyuHuiwuGeFE9CFH3atIQiBXweDEay/f2q5grIfJTptQp6hi+7AcU67sY17jg=="
    }
  }
}
